// !$*UTF8*$!
{
	archiveVersion = 1;
	classes = {
	};
	objectVersion = 46;
	objects = {

/* Begin PBXBuildFile section */
		43267DB21C22C5C30055E391 /* SwiftyJSON.framework in Frameworks */ = {isa = PBXBuildFile; fileRef = 43267DA51C22C5B70055E391 /* SwiftyJSON.framework */; };
		439DC25C1C20E614004E3235 /* DetailView.swift in Sources */ = {isa = PBXBuildFile; fileRef = 439DC25B1C20E614004E3235 /* DetailView.swift */; };
		43E35B941C1C8EEA00964F33 /* AppDelegate.swift in Sources */ = {isa = PBXBuildFile; fileRef = 43E35B931C1C8EEA00964F33 /* AppDelegate.swift */; };
		43E35B961C1C8EEA00964F33 /* ViewController.swift in Sources */ = {isa = PBXBuildFile; fileRef = 43E35B951C1C8EEA00964F33 /* ViewController.swift */; };
		43E35B991C1C8EEA00964F33 /* Main.storyboard in Resources */ = {isa = PBXBuildFile; fileRef = 43E35B971C1C8EEA00964F33 /* Main.storyboard */; };
		43E35B9B1C1C8EEA00964F33 /* Assets.xcassets in Resources */ = {isa = PBXBuildFile; fileRef = 43E35B9A1C1C8EEA00964F33 /* Assets.xcassets */; };
		43E35B9E1C1C8EEA00964F33 /* LaunchScreen.storyboard in Resources */ = {isa = PBXBuildFile; fileRef = 43E35B9C1C1C8EEA00964F33 /* LaunchScreen.storyboard */; };
		43E35BA61C1C8EFF00964F33 /* com.fredd.starmap.plist in Resources */ = {isa = PBXBuildFile; fileRef = 43E35BA51C1C8EFF00964F33 /* com.fredd.starmap.plist */; };
		43E35BA81C1C8F3200964F33 /* Place.swift in Sources */ = {isa = PBXBuildFile; fileRef = 43E35BA71C1C8F3200964F33 /* Place.swift */; };
		43E35BAA1C1C907C00964F33 /* Pin.swift in Sources */ = {isa = PBXBuildFile; fileRef = 43E35BA91C1C907C00964F33 /* Pin.swift */; };
/* End PBXBuildFile section */

/* Begin PBXContainerItemProxy section */
		43267DA41C22C5B70055E391 /* PBXContainerItemProxy */ = {
			isa = PBXContainerItemProxy;
			containerPortal = 43267D9A1C22C5B70055E391 /* SwiftyJSON.xcodeproj */;
			proxyType = 2;
			remoteGlobalIDString = 2E4FEFDB19575BE100351305;
			remoteInfo = "SwiftyJSON iOS";
		};
		43267DA61C22C5B70055E391 /* PBXContainerItemProxy */ = {
			isa = PBXContainerItemProxy;
			containerPortal = 43267D9A1C22C5B70055E391 /* SwiftyJSON.xcodeproj */;
			proxyType = 2;
			remoteGlobalIDString = 2E4FEFE619575BE100351305;
			remoteInfo = "SwiftyJSON iOS Tests";
		};
		43267DA81C22C5B70055E391 /* PBXContainerItemProxy */ = {
			isa = PBXContainerItemProxy;
			containerPortal = 43267D9A1C22C5B70055E391 /* SwiftyJSON.xcodeproj */;
			proxyType = 2;
			remoteGlobalIDString = 9C7DFC5B1A9102BD005AA3F7;
			remoteInfo = "SwiftyJSON OSX";
		};
		43267DAA1C22C5B70055E391 /* PBXContainerItemProxy */ = {
			isa = PBXContainerItemProxy;
			containerPortal = 43267D9A1C22C5B70055E391 /* SwiftyJSON.xcodeproj */;
			proxyType = 2;
			remoteGlobalIDString = 9C7DFC651A9102BD005AA3F7;
			remoteInfo = "SwiftyJSON OSX Tests";
		};
		43267DAC1C22C5B70055E391 /* PBXContainerItemProxy */ = {
			isa = PBXContainerItemProxy;
			containerPortal = 43267D9A1C22C5B70055E391 /* SwiftyJSON.xcodeproj */;
			proxyType = 2;
			remoteGlobalIDString = E4D7CCE81B9465A700EE7221;
			remoteInfo = "SwiftyJSON watchOS";
		};
		43267DAE1C22C5B70055E391 /* PBXContainerItemProxy */ = {
			isa = PBXContainerItemProxy;
			containerPortal = 43267D9A1C22C5B70055E391 /* SwiftyJSON.xcodeproj */;
			proxyType = 2;
			remoteGlobalIDString = 7236B4F61BAC14150020529B;
			remoteInfo = "SwiftyJSON tvOS";
		};
		43267DB01C22C5B70055E391 /* PBXContainerItemProxy */ = {
			isa = PBXContainerItemProxy;
			containerPortal = 43267D9A1C22C5B70055E391 /* SwiftyJSON.xcodeproj */;
			proxyType = 2;
			remoteGlobalIDString = A8580F741BCF5C5B00DA927B;
			remoteInfo = "SwiftyJSON tvOS Tests";
		};
/* End PBXContainerItemProxy section */

/* Begin PBXFileReference section */
		43267D9A1C22C5B70055E391 /* SwiftyJSON.xcodeproj */ = {isa = PBXFileReference; lastKnownFileType = "wrapper.pb-project"; name = SwiftyJSON.xcodeproj; path = "SwiftyJSON-master/SwiftyJSON.xcodeproj"; sourceTree = "<group>"; };
		439DC25B1C20E614004E3235 /* DetailView.swift */ = {isa = PBXFileReference; fileEncoding = 4; lastKnownFileType = sourcecode.swift; path = DetailView.swift; sourceTree = "<group>"; };
		43E35B901C1C8EEA00964F33 /* LocationsWithMap.app */ = {isa = PBXFileReference; explicitFileType = wrapper.application; includeInIndex = 0; path = LocationsWithMap.app; sourceTree = BUILT_PRODUCTS_DIR; };
		43E35B931C1C8EEA00964F33 /* AppDelegate.swift */ = {isa = PBXFileReference; lastKnownFileType = sourcecode.swift; path = AppDelegate.swift; sourceTree = "<group>"; };
		43E35B951C1C8EEA00964F33 /* ViewController.swift */ = {isa = PBXFileReference; lastKnownFileType = sourcecode.swift; path = ViewController.swift; sourceTree = "<group>"; };
		43E35B981C1C8EEA00964F33 /* Base */ = {isa = PBXFileReference; lastKnownFileType = file.storyboard; name = Base; path = Base.lproj/Main.storyboard; sourceTree = "<group>"; };
		43E35B9A1C1C8EEA00964F33 /* Assets.xcassets */ = {isa = PBXFileReference; lastKnownFileType = folder.assetcatalog; path = Assets.xcassets; sourceTree = "<group>"; };
		43E35B9D1C1C8EEA00964F33 /* Base */ = {isa = PBXFileReference; lastKnownFileType = file.storyboard; name = Base; path = Base.lproj/LaunchScreen.storyboard; sourceTree = "<group>"; };
		43E35B9F1C1C8EEA00964F33 /* Info.plist */ = {isa = PBXFileReference; lastKnownFileType = text.plist.xml; path = Info.plist; sourceTree = "<group>"; };
		43E35BA51C1C8EFF00964F33 /* com.fredd.starmap.plist */ = {isa = PBXFileReference; lastKnownFileType = file.bplist; name = com.fredd.starmap.plist; path = ../LocationsWithTableView/com.fredd.starmap.plist; sourceTree = "<group>"; };
		43E35BA71C1C8F3200964F33 /* Place.swift */ = {isa = PBXFileReference; fileEncoding = 4; lastKnownFileType = sourcecode.swift; path = Place.swift; sourceTree = "<group>"; };
		43E35BA91C1C907C00964F33 /* Pin.swift */ = {isa = PBXFileReference; fileEncoding = 4; lastKnownFileType = sourcecode.swift; path = Pin.swift; sourceTree = "<group>"; };
/* End PBXFileReference section */

/* Begin PBXFrameworksBuildPhase section */
		43E35B8D1C1C8EEA00964F33 /* Frameworks */ = {
			isa = PBXFrameworksBuildPhase;
			buildActionMask = 2147483647;
			files = (
				43267DB21C22C5C30055E391 /* SwiftyJSON.framework in Frameworks */,
			);
			runOnlyForDeploymentPostprocessing = 0;
		};
/* End PBXFrameworksBuildPhase section */

/* Begin PBXGroup section */
		43267D9B1C22C5B70055E391 /* Products */ = {
			isa = PBXGroup;
			children = (
				43267DA51C22C5B70055E391 /* SwiftyJSON.framework */,
				43267DA71C22C5B70055E391 /* SwiftyJSON iOS Tests.xctest */,
				43267DA91C22C5B70055E391 /* SwiftyJSON.framework */,
				43267DAB1C22C5B70055E391 /* SwiftyJSON OSX Tests.xctest */,
				43267DAD1C22C5B70055E391 /* SwiftyJSON.framework */,
				43267DAF1C22C5B70055E391 /* SwiftyJSON.framework */,
				43267DB11C22C5B70055E391 /* SwiftyJSON tvOS Tests.xctest */,
			);
			name = Products;
			sourceTree = "<group>";
		};
		43E35B871C1C8EEA00964F33 = {
			isa = PBXGroup;
			children = (
				43267D9A1C22C5B70055E391 /* SwiftyJSON.xcodeproj */,
				43E35BA51C1C8EFF00964F33 /* com.fredd.starmap.plist */,
				43E35B921C1C8EEA00964F33 /* LocationsWithMap */,
				43E35B911C1C8EEA00964F33 /* Products */,
			);
			sourceTree = "<group>";
		};
		43E35B911C1C8EEA00964F33 /* Products */ = {
			isa = PBXGroup;
			children = (
				43E35B901C1C8EEA00964F33 /* LocationsWithMap.app */,
			);
			name = Products;
			sourceTree = "<group>";
		};
		43E35B921C1C8EEA00964F33 /* LocationsWithMap */ = {
			isa = PBXGroup;
			children = (
				43E35B931C1C8EEA00964F33 /* AppDelegate.swift */,
				43E35B951C1C8EEA00964F33 /* ViewController.swift */,
				43E35B971C1C8EEA00964F33 /* Main.storyboard */,
				43E35B9A1C1C8EEA00964F33 /* Assets.xcassets */,
				43E35B9C1C1C8EEA00964F33 /* LaunchScreen.storyboard */,
				43E35B9F1C1C8EEA00964F33 /* Info.plist */,
				43E35BA71C1C8F3200964F33 /* Place.swift */,
				43E35BA91C1C907C00964F33 /* Pin.swift */,
				439DC25B1C20E614004E3235 /* DetailView.swift */,
			);
			path = LocationsWithMap;
			sourceTree = "<group>";
		};
/* End PBXGroup section */

/* Begin PBXNativeTarget section */
		43E35B8F1C1C8EEA00964F33 /* LocationsWithMap */ = {
			isa = PBXNativeTarget;
			buildConfigurationList = 43E35BA21C1C8EEA00964F33 /* Build configuration list for PBXNativeTarget "LocationsWithMap" */;
			buildPhases = (
				43E35B8C1C1C8EEA00964F33 /* Sources */,
				43E35B8D1C1C8EEA00964F33 /* Frameworks */,
				43E35B8E1C1C8EEA00964F33 /* Resources */,
			);
			buildRules = (
			);
			dependencies = (
			);
			name = LocationsWithMap;
			productName = LocationsWithMap;
			productReference = 43E35B901C1C8EEA00964F33 /* LocationsWithMap.app */;
			productType = "com.apple.product-type.application";
		};
/* End PBXNativeTarget section */

/* Begin PBXProject section */
		43E35B881C1C8EEA00964F33 /* Project object */ = {
			isa = PBXProject;
			attributes = {
				LastSwiftUpdateCheck = 0720;
				LastUpgradeCheck = 0720;
				ORGANIZATIONNAME = daria;
				TargetAttributes = {
					43E35B8F1C1C8EEA00964F33 = {
						CreatedOnToolsVersion = 7.2;
					};
				};
			};
			buildConfigurationList = 43E35B8B1C1C8EEA00964F33 /* Build configuration list for PBXProject "LocationsWithMap" */;
			compatibilityVersion = "Xcode 3.2";
			developmentRegion = English;
			hasScannedForEncodings = 0;
			knownRegions = (
				en,
				Base,
			);
			mainGroup = 43E35B871C1C8EEA00964F33;
			productRefGroup = 43E35B911C1C8EEA00964F33 /* Products */;
			projectDirPath = "";
			projectReferences = (
				{
					ProductGroup = 43267D9B1C22C5B70055E391 /* Products */;
					ProjectRef = 43267D9A1C22C5B70055E391 /* SwiftyJSON.xcodeproj */;
				},
			);
			projectRoot = "";
			targets = (
				43E35B8F1C1C8EEA00964F33 /* LocationsWithMap */,
			);
		};
/* End PBXProject section */

/* Begin PBXReferenceProxy section */
		43267DA51C22C5B70055E391 /* SwiftyJSON.framework */ = {
			isa = PBXReferenceProxy;
			fileType = wrapper.framework;
			path = SwiftyJSON.framework;
			remoteRef = 43267DA41C22C5B70055E391 /* PBXContainerItemProxy */;
			sourceTree = BUILT_PRODUCTS_DIR;
		};
		43267DA71C22C5B70055E391 /* SwiftyJSON iOS Tests.xctest */ = {
			isa = PBXReferenceProxy;
			fileType = wrapper.cfbundle;
			path = "SwiftyJSON iOS Tests.xctest";
			remoteRef = 43267DA61C22C5B70055E391 /* PBXContainerItemProxy */;
			sourceTree = BUILT_PRODUCTS_DIR;
		};
		43267DA91C22C5B70055E391 /* SwiftyJSON.framework */ = {
			isa = PBXReferenceProxy;
			fileType = wrapper.framework;
			path = SwiftyJSON.framework;
			remoteRef = 43267DA81C22C5B70055E391 /* PBXContainerItemProxy */;
			sourceTree = BUILT_PRODUCTS_DIR;
		};
		43267DAB1C22C5B70055E391 /* SwiftyJSON OSX Tests.xctest */ = {
			isa = PBXReferenceProxy;
			fileType = wrapper.cfbundle;
			path = "SwiftyJSON OSX Tests.xctest";
			remoteRef = 43267DAA1C22C5B70055E391 /* PBXContainerItemProxy */;
			sourceTree = BUILT_PRODUCTS_DIR;
		};
		43267DAD1C22C5B70055E391 /* SwiftyJSON.framework */ = {
			isa = PBXReferenceProxy;
			fileType = wrapper.framework;
			path = SwiftyJSON.framework;
			remoteRef = 43267DAC1C22C5B70055E391 /* PBXContainerItemProxy */;
			sourceTree = BUILT_PRODUCTS_DIR;
		};
		43267DAF1C22C5B70055E391 /* SwiftyJSON.framework */ = {
			isa = PBXReferenceProxy;
			fileType = wrapper.framework;
			path = SwiftyJSON.framework;
			remoteRef = 43267DAE1C22C5B70055E391 /* PBXContainerItemProxy */;
			sourceTree = BUILT_PRODUCTS_DIR;
		};
		43267DB11C22C5B70055E391 /* SwiftyJSON tvOS Tests.xctest */ = {
			isa = PBXReferenceProxy;
			fileType = wrapper.cfbundle;
			path = "SwiftyJSON tvOS Tests.xctest";
			remoteRef = 43267DB01C22C5B70055E391 /* PBXContainerItemProxy */;
			sourceTree = BUILT_PRODUCTS_DIR;
		};
/* End PBXReferenceProxy section */

/* Begin PBXResourcesBuildPhase section */
		43E35B8E1C1C8EEA00964F33 /* Resources */ = {
			isa = PBXResourcesBuildPhase;
			buildActionMask = 2147483647;
			files = (
				43E35B9E1C1C8EEA00964F33 /* LaunchScreen.storyboard in Resources */,
				43E35BA61C1C8EFF00964F33 /* com.fredd.starmap.plist in Resources */,
				43E35B9B1C1C8EEA00964F33 /* Assets.xcassets in Resources */,
				43E35B991C1C8EEA00964F33 /* Main.storyboard in Resources */,
			);
			runOnlyForDeploymentPostprocessing = 0;
		};
/* End PBXResourcesBuildPhase section */

/* Begin PBXSourcesBuildPhase section */
		43E35B8C1C1C8EEA00964F33 /* Sources */ = {
			isa = PBXSourcesBuildPhase;
			buildActionMask = 2147483647;
			files = (
				43E35B961C1C8EEA00964F33 /* ViewController.swift in Sources */,
				43E35B941C1C8EEA00964F33 /* AppDelegate.swift in Sources */,
				43E35BA81C1C8F3200964F33 /* Place.swift in Sources */,
				439DC25C1C20E614004E3235 /* DetailView.swift in Sources */,
				43E35BAA1C1C907C00964F33 /* Pin.swift in Sources */,
			);
			runOnlyForDeploymentPostprocessing = 0;
		};
/* End PBXSourcesBuildPhase section */

/* Begin PBXVariantGroup section */
		43E35B971C1C8EEA00964F33 /* Main.storyboard */ = {
			isa = PBXVariantGroup;
			children = (
				43E35B981C1C8EEA00964F33 /* Base */,
			);
			name = Main.storyboard;
			sourceTree = "<group>";
		};
		43E35B9C1C1C8EEA00964F33 /* LaunchScreen.storyboard */ = {
			isa = PBXVariantGroup;
			children = (
				43E35B9D1C1C8EEA00964F33 /* Base */,
			);
			name = LaunchScreen.storyboard;
			sourceTree = "<group>";
		};
/* End PBXVariantGroup section */

/* Begin XCBuildConfiguration section */
		43E35BA01C1C8EEA00964F33 /* Debug */ = {
			isa = XCBuildConfiguration;
			buildSettings = {
				ALWAYS_SEARCH_USER_PATHS = NO;
				CLANG_CXX_LANGUAGE_STANDARD = "gnu++0x";
				CLANG_CXX_LIBRARY = "libc++";
				CLANG_ENABLE_MODULES = YES;
				CLANG_ENABLE_OBJC_ARC = YES;
				CLANG_WARN_BOOL_CONVERSION = YES;
				CLANG_WARN_CONSTANT_CONVERSION = YES;
				CLANG_WARN_DIRECT_OBJC_ISA_USAGE = YES_ERROR;
				CLANG_WARN_EMPTY_BODY = YES;
				CLANG_WARN_ENUM_CONVERSION = YES;
				CLANG_WARN_INT_CONVERSION = YES;
				CLANG_WARN_OBJC_ROOT_CLASS = YES_ERROR;
				CLANG_WARN_UNREACHABLE_CODE = YES;
				CLANG_WARN__DUPLICATE_METHOD_MATCH = YES;
				"CODE_SIGN_IDENTITY[sdk=iphoneos*]" = "iPhone Developer";
				COPY_PHASE_STRIP = NO;
				DEBUG_INFORMATION_FORMAT = dwarf;
				ENABLE_STRICT_OBJC_MSGSEND = YES;
				ENABLE_TESTABILITY = YES;
				GCC_C_LANGUAGE_STANDARD = gnu99;
				GCC_DYNAMIC_NO_PIC = NO;
				GCC_NO_COMMON_BLOCKS = YES;
				GCC_OPTIMIZATION_LEVEL = 0;
				GCC_PREPROCESSOR_DEFINITIONS = (
					"DEBUG=1",
					"$(inherited)",
				);
				GCC_WARN_64_TO_32_BIT_CONVERSION = YES;
				GCC_WARN_ABOUT_RETURN_TYPE = YES_ERROR;
				GCC_WARN_UNDECLARED_SELECTOR = YES;
				GCC_WARN_UNINITIALIZED_AUTOS = YES_AGGRESSIVE;
				GCC_WARN_UNUSED_FUNCTION = YES;
				GCC_WARN_UNUSED_VARIABLE = YES;
				IPHONEOS_DEPLOYMENT_TARGET = 9.2;
				MTL_ENABLE_DEBUG_INFO = YES;
				ONLY_ACTIVE_ARCH = YES;
				SDKROOT = iphoneos;
				SWIFT_OPTIMIZATION_LEVEL = "-Onone";
				TARGETED_DEVICE_FAMILY = "1,2";
			};
			name = Debug;
		};
		43E35BA11C1C8EEA00964F33 /* Release */ = {
			isa = XCBuildConfiguration;
			buildSettings = {
				ALWAYS_SEARCH_USER_PATHS = NO;
				CLANG_CXX_LANGUAGE_STANDARD = "gnu++0x";
				CLANG_CXX_LIBRARY = "libc++";
				CLANG_ENABLE_MODULES = YES;
				CLANG_ENABLE_OBJC_ARC = YES;
				CLANG_WARN_BOOL_CONVERSION = YES;
				CLANG_WARN_CONSTANT_CONVERSION = YES;
				CLANG_WARN_DIRECT_OBJC_ISA_USAGE = YES_ERROR;
				CLANG_WARN_EMPTY_BODY = YES;
				CLANG_WARN_ENUM_CONVERSION = YES;
				CLANG_WARN_INT_CONVERSION = YES;
				CLANG_WARN_OBJC_ROOT_CLASS = YES_ERROR;
				CLANG_WARN_UNREACHABLE_CODE = YES;
				CLANG_WARN__DUPLICATE_METHOD_MATCH = YES;
				"CODE_SIGN_IDENTITY[sdk=iphoneos*]" = "iPhone Developer";
				COPY_PHASE_STRIP = NO;
				DEBUG_INFORMATION_FORMAT = "dwarf-with-dsym";
				ENABLE_NS_ASSERTIONS = NO;
				ENABLE_STRICT_OBJC_MSGSEND = YES;
				GCC_C_LANGUAGE_STANDARD = gnu99;
				GCC_NO_COMMON_BLOCKS = YES;
				GCC_WARN_64_TO_32_BIT_CONVERSION = YES;
				GCC_WARN_ABOUT_RETURN_TYPE = YES_ERROR;
				GCC_WARN_UNDECLARED_SELECTOR = YES;
				GCC_WARN_UNINITIALIZED_AUTOS = YES_AGGRESSIVE;
				GCC_WARN_UNUSED_FUNCTION = YES;
				GCC_WARN_UNUSED_VARIABLE = YES;
				IPHONEOS_DEPLOYMENT_TARGET = 9.2;
				MTL_ENABLE_DEBUG_INFO = NO;
				SDKROOT = iphoneos;
				TARGETED_DEVICE_FAMILY = "1,2";
				VALIDATE_PRODUCT = YES;
			};
			name = Release;
		};
		43E35BA31C1C8EEA00964F33 /* Debug */ = {
			isa = XCBuildConfiguration;
			buildSettings = {
				ASSETCATALOG_COMPILER_APPICON_NAME = AppIcon;
				INFOPLIST_FILE = LocationsWithMap/Info.plist;
				LD_RUNPATH_SEARCH_PATHS = "$(inherited) @executable_path/Frameworks";
				PRODUCT_BUNDLE_IDENTIFIER = com.daria.LocationsWithMap;
				PRODUCT_NAME = "$(TARGET_NAME)";
			};
			name = Debug;
		};
		43E35BA41C1C8EEA00964F33 /* Release */ = {
			isa = XCBuildConfiguration;
			buildSettings = {
				ASSETCATALOG_COMPILER_APPICON_NAME = AppIcon;
				INFOPLIST_FILE = LocationsWithMap/Info.plist;
				LD_RUNPATH_SEARCH_PATHS = "$(inherited) @executable_path/Frameworks";
				PRODUCT_BUNDLE_IDENTIFIER = com.daria.LocationsWithMap;
				PRODUCT_NAME = "$(TARGET_NAME)";
			};
			name = Release;
		};
/* End XCBuildConfiguration section */

/* Begin XCConfigurationList section */
		43E35B8B1C1C8EEA00964F33 /* Build configuration list for PBXProject "LocationsWithMap" */ = {
			isa = XCConfigurationList;
			buildConfigurations = (
				43E35BA01C1C8EEA00964F33 /* Debug */,
				43E35BA11C1C8EEA00964F33 /* Release */,
			);
			defaultConfigurationIsVisible = 0;
			defaultConfigurationName = Release;
		};
		43E35BA21C1C8EEA00964F33 /* Build configuration list for PBXNativeTarget "LocationsWithMap" */ = {
			isa = XCConfigurationList;
			buildConfigurations = (
				43E35BA31C1C8EEA00964F33 /* Debug */,
				43E35BA41C1C8EEA00964F33 /* Release */,
			);
			defaultConfigurationIsVisible = 0;
			defaultConfigurationName = Release;
		};
/* End XCConfigurationList section */
	};
	rootObject = 43E35B881C1C8EEA00964F33 /* Project object */;
}
